
Microsoft Visual Studio Solution File, Format Version 12.00
# Visual Studio Version 16
VisualStudioVersion = 25.0.1706.14
MinimumVisualStudioVersion = 10.0.40219.1
Project("{FAE04EC0-301F-11D3-BF4B-00C04F79EFBC}") = "Mini_Project_v49_Asset_Tracking", "Mini_Project_v49_Asset_Tracking\Mini_Project_v49_Asset_Tracking.csproj", "{B88AAC65-70F9-4A35-8474-3E054BE166C5}"
EndProject
Global
	GlobalSection(SolutionConfigurationPlatforms) = preSolution
		Debug|Any CPU = Debug|Any CPU
		Release|Any CPU = Release|Any CPU
	EndGlobalSection
	GlobalSection(ProjectConfigurationPlatforms) = postSolution
		{B88AAC65-70F9-4A35-8474-3E054BE166C5}.Debug|Any CPU.ActiveCfg = Debug|Any CPU
		{B88AAC65-70F9-4A35-8474-3E054BE166C5}.Debug|Any CPU.Build.0 = Debug|Any CPU
		{B88AAC65-70F9-4A35-8474-3E054BE166C5}.Release|Any CPU.ActiveCfg = Release|Any CPU
		{B88AAC65-70F9-4A35-8474-3E054BE166C5}.Release|Any CPU.Build.0 = Release|Any CPU
	EndGlobalSection
	GlobalSection(SolutionProperties) = preSolution
		HideSolutionNode = FALSE
	EndGlobalSection
	GlobalSection(ExtensibilityGlobals) = postSolution
		SolutionGuid = {E3351B94-1595-4801-8CBF-BF6AFADA6FA2}
	EndGlobalSection
EndGlobal
